
Microsoft Visual Studio Solution File, Format Version 12.00
# Visual Studio Version 16
VisualStudioVersion = 16.0.29009.5
MinimumVisualStudioVersion = 10.0.40219.1
Project("{2150E333-8FDC-42A3-9474-1A3956D46DE8}") = "Services", "Services", "{6A67C71F-D7E9-418C-9261-2E0CACB98A76}"
EndProject
Project("{2150E333-8FDC-42A3-9474-1A3956D46DE8}") = "WebApps", "WebApps", "{C65B0AF6-50E5-4CC4-B87A-F620B88F0A8F}"
EndProject
Project("{2150E333-8FDC-42A3-9474-1A3956D46DE8}") = "Cadastros", "Cadastros", "{C9C9E359-BA44-47E4-AE1D-50F9A72B2CC8}"
EndProject
Project("{2150E333-8FDC-42A3-9474-1A3956D46DE8}") = "Catalogo", "Catalogo", "{5E0CD496-4A6E-4A32-B112-26E0A02BA5E5}"
EndProject
Project("{2150E333-8FDC-42A3-9474-1A3956D46DE8}") = "Core", "Core", "{E0D67B21-665A-4999-9A9D-6C63BD62D2F3}"
EndProject
Project("{2150E333-8FDC-42A3-9474-1A3956D46DE8}") = "Fiscal", "Fiscal", "{8B7DD8EC-A626-4204-B6CD-413717801E19}"
EndProject
Project("{2150E333-8FDC-42A3-9474-1A3956D46DE8}") = "Pagamentos", "Pagamentos", "{AF4404D1-939C-4C23-B0B3-E1F6CD0AB02D}"
EndProject
Project("{2150E333-8FDC-42A3-9474-1A3956D46DE8}") = "Vendas", "Vendas", "{341129F7-746A-4C09-90E6-4C76D812F463}"
EndProject
Project("{9A19103F-16F7-4668-BE54-9A1E7A4F7556}") = "NerdStore.Catalogo.Domain", "src\NerdStore.Catalogo.Domain\NerdStore.Catalogo.Domain.csproj", "{D18059DD-73FA-4CE2-987F-C2B25C8EB79A}"
EndProject
Project("{9A19103F-16F7-4668-BE54-9A1E7A4F7556}") = "NerdStore.Core", "src\NerdStore.Core\NerdStore.Core.csproj", "{4842D209-E779-4894-A653-59CF8B380872}"
EndProject
Project("{2150E333-8FDC-42A3-9474-1A3956D46DE8}") = "Tests", "Tests", "{04942D63-5E9E-484B-95F5-060538CAFEF4}"
EndProject
Project("{9A19103F-16F7-4668-BE54-9A1E7A4F7556}") = "NerdStore.Catalogo.Domain.Tests", "tests\NerdStore.Catalogo.Domain.Tests\NerdStore.Catalogo.Domain.Tests.csproj", "{575A415E-D46E-47DC-9E6E-EDC982CEE65F}"
EndProject
Project("{FAE04EC0-301F-11D3-BF4B-00C04F79EFBC}") = "NerdStore.Catalogo.Data", "src\NerdStore.Catalogo.Data\NerdStore.Catalogo.Data.csproj", "{16C6A75D-B8A2-412D-9497-BFA14C746889}"
EndProject
Project("{FAE04EC0-301F-11D3-BF4B-00C04F79EFBC}") = "NerdStore.Catalogo.Application", "src\NerdStore.Catalogo.Application\NerdStore.Catalogo.Application.csproj", "{15A0F20E-581B-48C4-B9C4-4583D049631F}"
EndProject
Project("{FAE04EC0-301F-11D3-BF4B-00C04F79EFBC}") = "NerdStore.WebApp.MVC", "src\NerdStore.WebApp.MVC\NerdStore.WebApp.MVC.csproj", "{32B574C1-43DA-40C0-81AE-F526AE3D7A95}"
EndProject
Global
	GlobalSection(SolutionConfigurationPlatforms) = preSolution
		Debug|Any CPU = Debug|Any CPU
		Release|Any CPU = Release|Any CPU
	EndGlobalSection
	GlobalSection(ProjectConfigurationPlatforms) = postSolution
		{D18059DD-73FA-4CE2-987F-C2B25C8EB79A}.Debug|Any CPU.ActiveCfg = Debug|Any CPU
		{D18059DD-73FA-4CE2-987F-C2B25C8EB79A}.Debug|Any CPU.Build.0 = Debug|Any CPU
		{D18059DD-73FA-4CE2-987F-C2B25C8EB79A}.Release|Any CPU.ActiveCfg = Release|Any CPU
		{D18059DD-73FA-4CE2-987F-C2B25C8EB79A}.Release|Any CPU.Build.0 = Release|Any CPU
		{4842D209-E779-4894-A653-59CF8B380872}.Debug|Any CPU.ActiveCfg = Debug|Any CPU
		{4842D209-E779-4894-A653-59CF8B380872}.Debug|Any CPU.Build.0 = Debug|Any CPU
		{4842D209-E779-4894-A653-59CF8B380872}.Release|Any CPU.ActiveCfg = Release|Any CPU
		{4842D209-E779-4894-A653-59CF8B380872}.Release|Any CPU.Build.0 = Release|Any CPU
		{575A415E-D46E-47DC-9E6E-EDC982CEE65F}.Debug|Any CPU.ActiveCfg = Debug|Any CPU
		{575A415E-D46E-47DC-9E6E-EDC982CEE65F}.Debug|Any CPU.Build.0 = Debug|Any CPU
		{575A415E-D46E-47DC-9E6E-EDC982CEE65F}.Release|Any CPU.ActiveCfg = Release|Any CPU
		{575A415E-D46E-47DC-9E6E-EDC982CEE65F}.Release|Any CPU.Build.0 = Release|Any CPU
		{16C6A75D-B8A2-412D-9497-BFA14C746889}.Debug|Any CPU.ActiveCfg = Debug|Any CPU
		{16C6A75D-B8A2-412D-9497-BFA14C746889}.Debug|Any CPU.Build.0 = Debug|Any CPU
		{16C6A75D-B8A2-412D-9497-BFA14C746889}.Release|Any CPU.ActiveCfg = Release|Any CPU
		{16C6A75D-B8A2-412D-9497-BFA14C746889}.Release|Any CPU.Build.0 = Release|Any CPU
		{15A0F20E-581B-48C4-B9C4-4583D049631F}.Debug|Any CPU.ActiveCfg = Debug|Any CPU
		{15A0F20E-581B-48C4-B9C4-4583D049631F}.Debug|Any CPU.Build.0 = Debug|Any CPU
		{15A0F20E-581B-48C4-B9C4-4583D049631F}.Release|Any CPU.ActiveCfg = Release|Any CPU
		{15A0F20E-581B-48C4-B9C4-4583D049631F}.Release|Any CPU.Build.0 = Release|Any CPU
		{32B574C1-43DA-40C0-81AE-F526AE3D7A95}.Debug|Any CPU.ActiveCfg = Debug|Any CPU
		{32B574C1-43DA-40C0-81AE-F526AE3D7A95}.Debug|Any CPU.Build.0 = Debug|Any CPU
		{32B574C1-43DA-40C0-81AE-F526AE3D7A95}.Release|Any CPU.ActiveCfg = Release|Any CPU
		{32B574C1-43DA-40C0-81AE-F526AE3D7A95}.Release|Any CPU.Build.0 = Release|Any CPU
	EndGlobalSection
	GlobalSection(SolutionProperties) = preSolution
		HideSolutionNode = FALSE
	EndGlobalSection
	GlobalSection(NestedProjects) = preSolution
		{C9C9E359-BA44-47E4-AE1D-50F9A72B2CC8} = {6A67C71F-D7E9-418C-9261-2E0CACB98A76}
		{5E0CD496-4A6E-4A32-B112-26E0A02BA5E5} = {6A67C71F-D7E9-418C-9261-2E0CACB98A76}
		{E0D67B21-665A-4999-9A9D-6C63BD62D2F3} = {6A67C71F-D7E9-418C-9261-2E0CACB98A76}
		{8B7DD8EC-A626-4204-B6CD-413717801E19} = {6A67C71F-D7E9-418C-9261-2E0CACB98A76}
		{AF4404D1-939C-4C23-B0B3-E1F6CD0AB02D} = {6A67C71F-D7E9-418C-9261-2E0CACB98A76}
		{341129F7-746A-4C09-90E6-4C76D812F463} = {6A67C71F-D7E9-418C-9261-2E0CACB98A76}
		{D18059DD-73FA-4CE2-987F-C2B25C8EB79A} = {5E0CD496-4A6E-4A32-B112-26E0A02BA5E5}
		{4842D209-E779-4894-A653-59CF8B380872} = {E0D67B21-665A-4999-9A9D-6C63BD62D2F3}
		{04942D63-5E9E-484B-95F5-060538CAFEF4} = {5E0CD496-4A6E-4A32-B112-26E0A02BA5E5}
		{575A415E-D46E-47DC-9E6E-EDC982CEE65F} = {04942D63-5E9E-484B-95F5-060538CAFEF4}
		{16C6A75D-B8A2-412D-9497-BFA14C746889} = {5E0CD496-4A6E-4A32-B112-26E0A02BA5E5}
		{15A0F20E-581B-48C4-B9C4-4583D049631F} = {5E0CD496-4A6E-4A32-B112-26E0A02BA5E5}
		{32B574C1-43DA-40C0-81AE-F526AE3D7A95} = {C65B0AF6-50E5-4CC4-B87A-F620B88F0A8F}
	EndGlobalSection
	GlobalSection(ExtensibilityGlobals) = postSolution
		SolutionGuid = {65D72384-F17B-4AFF-9FF1-9267E7BD3F9D}
	EndGlobalSection
EndGlobal
