
Microsoft Visual Studio Solution File, Format Version 12.00
# Visual Studio Version 16
VisualStudioVersion = 16.0.31424.327
MinimumVisualStudioVersion = 10.0.40219.1
Project("{2150E333-8FDC-42A3-9474-1A3956D46DE8}") = "01 - Testes de Unidade", "01 - Testes de Unidade", "{613EC49B-F87F-46FA-BAC8-619B2477D10C}"
EndProject
Project("{2150E333-8FDC-42A3-9474-1A3956D46DE8}") = "1.1 - Testes Basicos", "1.1 - Testes Basicos", "{7A71B2CA-CE79-4EDD-BFBF-A7FFF9B22826}"
EndProject
Project("{2150E333-8FDC-42A3-9474-1A3956D46DE8}") = "1.2 - Features", "1.2 - Features", "{3DE742F5-ECE7-4C7A-97EE-1CFE9BB3A707}"
EndProject
Project("{9A19103F-16F7-4668-BE54-9A1E7A4F7556}") = "Demo", "01 - Testes de Unidade\Demo\Demo.csproj", "{A7746D93-3CD8-4F81-B253-8B08BB3E6AD9}"
EndProject
Project("{9A19103F-16F7-4668-BE54-9A1E7A4F7556}") = "Demo.Tests", "01 - Testes de Unidade\Demo.Tests\Demo.Tests.csproj", "{BB3F0D8B-81E9-4C9B-95D4-EC84770425B0}"
EndProject
Project("{9A19103F-16F7-4668-BE54-9A1E7A4F7556}") = "Features", "01 - Testes de Unidade\Features\Features.csproj", "{27049666-7EB2-4189-8E06-0AD9DB8B4FE1}"
EndProject
Project("{9A19103F-16F7-4668-BE54-9A1E7A4F7556}") = "Features.Tests", "01 - Testes de Unidade\Features.Tests\Features.Tests.csproj", "{EA0FF9EB-0672-4C57-9D6C-50F6E6019E31}"
EndProject
Project("{2150E333-8FDC-42A3-9474-1A3956D46DE8}") = "02 - TDD", "02 - TDD", "{983129A3-FEBA-48C2-AB51-0D7904B524E9}"
EndProject
Project("{2150E333-8FDC-42A3-9474-1A3956D46DE8}") = "03 - Testes de Integração", "03 - Testes de Integração", "{67C2E475-BBB6-436B-BF93-5CBEEDB78FCB}"
EndProject
Project("{2150E333-8FDC-42A3-9474-1A3956D46DE8}") = "04 - BDD - Testes de Automação", "04 - BDD - Testes de Automação", "{E6CA3503-9288-4B31-9517-669FE8706B0E}"
EndProject
Project("{2150E333-8FDC-42A3-9474-1A3956D46DE8}") = "Tests", "Tests", "{03772A36-D4EE-4D9E-AFFD-255312009CC3}"
EndProject
Project("{9A19103F-16F7-4668-BE54-9A1E7A4F7556}") = "NerdStore.Vendas.Domain.Tests", "02 - TDD\tests\NerdStore.Vendas.Domain.Tests\NerdStore.Vendas.Domain.Tests.csproj", "{863DC0C7-CE48-4624-97A0-5AE26921E17C}"
EndProject
Project("{9A19103F-16F7-4668-BE54-9A1E7A4F7556}") = "NerdStore.Vendas.Application.Tests", "02 - TDD\tests\NerdStore.Vendas.Application.Tests\NerdStore.Vendas.Application.Tests.csproj", "{5A9E80D0-6601-43C9-AF49-DD16A13F6E48}"
EndProject
Project("{9A19103F-16F7-4668-BE54-9A1E7A4F7556}") = "NerdStore.Vendas.Domain", "02 - TDD\src\NerdStore.Vendas.Domain\NerdStore.Vendas.Domain.csproj", "{1ABC1485-F8B8-41FA-8695-F3DABD1AD39C}"
EndProject
Project("{9A19103F-16F7-4668-BE54-9A1E7A4F7556}") = "NerdStore.Core", "02 - TDD\src\NerdStore.Core\NerdStore.Core.csproj", "{76AB7D28-18F6-48ED-8DFF-0B78FBD261B4}"
EndProject
Project("{9A19103F-16F7-4668-BE54-9A1E7A4F7556}") = "NerdStore.Vendas.Data", "02 - TDD\src\NerdStore.Vendas.Data\NerdStore.Vendas.Data.csproj", "{840508D1-D5EB-497E-936E-969A00AE79AA}"
EndProject
Project("{9A19103F-16F7-4668-BE54-9A1E7A4F7556}") = "NerdStore.Vendas.Application", "02 - TDD\src\NerdStore.Vendas.Application\NerdStore.Vendas.Application.csproj", "{39ECE08C-7360-4E82-BEED-112FC2555C43}"
EndProject
Project("{2150E333-8FDC-42A3-9474-1A3956D46DE8}") = "Integration Tests", "Integration Tests", "{AE2B530E-B707-4F32-B706-2F0DBD37607B}"
EndProject
Project("{9A19103F-16F7-4668-BE54-9A1E7A4F7556}") = "NerdStore.WebApp.Tests", "03 - Testes de Integração\tests\NerdStore.WebApp.Tests\NerdStore.WebApp.Tests.csproj", "{48D7E10A-2578-415C-B391-B8F73EBA46A6}"
EndProject
Project("{9A19103F-16F7-4668-BE54-9A1E7A4F7556}") = "NerdStore.Catalogo.Application", "03 - Testes de Integração\src\NerdStore.Catalogo.Application\NerdStore.Catalogo.Application.csproj", "{32B0DF74-C25F-4871-897B-014A01A16883}"
EndProject
Project("{9A19103F-16F7-4668-BE54-9A1E7A4F7556}") = "NerdStore.Catalogo.Data", "03 - Testes de Integração\src\NerdStore.Catalogo.Data\NerdStore.Catalogo.Data.csproj", "{68E46E4C-BA5F-4C81-B887-49C139D3B3CC}"
EndProject
Project("{9A19103F-16F7-4668-BE54-9A1E7A4F7556}") = "NerdStore.Catalogo.Domain", "03 - Testes de Integração\src\NerdStore.Catalogo.Domain\NerdStore.Catalogo.Domain.csproj", "{58D41A3D-83C7-4310-B2AD-D9457CBB77EF}"
EndProject
Project("{9A19103F-16F7-4668-BE54-9A1E7A4F7556}") = "NerdStore.BDD.Tests", "04 - BDD - Testes de Automação\tests\NerdStore.BDD.Tests\NerdStore.BDD.Tests.csproj", "{CF3272B8-8E53-4B8D-9E80-BAACBF67DEC7}"
EndProject
Project("{FAE04EC0-301F-11D3-BF4B-00C04F79EFBC}") = "NerdStore.WebApp.MVC", "03 - Testes de Integração\src\NerdStore.WebApp.MVC\NerdStore.WebApp.MVC.csproj", "{52654DE0-4ED3-4198-82DB-DA5647A26ABA}"
EndProject
Global
	GlobalSection(SolutionConfigurationPlatforms) = preSolution
		Debug|Any CPU = Debug|Any CPU
		Release|Any CPU = Release|Any CPU
	EndGlobalSection
	GlobalSection(ProjectConfigurationPlatforms) = postSolution
		{A7746D93-3CD8-4F81-B253-8B08BB3E6AD9}.Debug|Any CPU.ActiveCfg = Debug|Any CPU
		{A7746D93-3CD8-4F81-B253-8B08BB3E6AD9}.Debug|Any CPU.Build.0 = Debug|Any CPU
		{A7746D93-3CD8-4F81-B253-8B08BB3E6AD9}.Release|Any CPU.ActiveCfg = Release|Any CPU
		{A7746D93-3CD8-4F81-B253-8B08BB3E6AD9}.Release|Any CPU.Build.0 = Release|Any CPU
		{BB3F0D8B-81E9-4C9B-95D4-EC84770425B0}.Debug|Any CPU.ActiveCfg = Debug|Any CPU
		{BB3F0D8B-81E9-4C9B-95D4-EC84770425B0}.Debug|Any CPU.Build.0 = Debug|Any CPU
		{BB3F0D8B-81E9-4C9B-95D4-EC84770425B0}.Release|Any CPU.ActiveCfg = Release|Any CPU
		{BB3F0D8B-81E9-4C9B-95D4-EC84770425B0}.Release|Any CPU.Build.0 = Release|Any CPU
		{27049666-7EB2-4189-8E06-0AD9DB8B4FE1}.Debug|Any CPU.ActiveCfg = Debug|Any CPU
		{27049666-7EB2-4189-8E06-0AD9DB8B4FE1}.Debug|Any CPU.Build.0 = Debug|Any CPU
		{27049666-7EB2-4189-8E06-0AD9DB8B4FE1}.Release|Any CPU.ActiveCfg = Release|Any CPU
		{27049666-7EB2-4189-8E06-0AD9DB8B4FE1}.Release|Any CPU.Build.0 = Release|Any CPU
		{EA0FF9EB-0672-4C57-9D6C-50F6E6019E31}.Debug|Any CPU.ActiveCfg = Debug|Any CPU
		{EA0FF9EB-0672-4C57-9D6C-50F6E6019E31}.Debug|Any CPU.Build.0 = Debug|Any CPU
		{EA0FF9EB-0672-4C57-9D6C-50F6E6019E31}.Release|Any CPU.ActiveCfg = Release|Any CPU
		{EA0FF9EB-0672-4C57-9D6C-50F6E6019E31}.Release|Any CPU.Build.0 = Release|Any CPU
		{863DC0C7-CE48-4624-97A0-5AE26921E17C}.Debug|Any CPU.ActiveCfg = Debug|Any CPU
		{863DC0C7-CE48-4624-97A0-5AE26921E17C}.Debug|Any CPU.Build.0 = Debug|Any CPU
		{863DC0C7-CE48-4624-97A0-5AE26921E17C}.Release|Any CPU.ActiveCfg = Release|Any CPU
		{863DC0C7-CE48-4624-97A0-5AE26921E17C}.Release|Any CPU.Build.0 = Release|Any CPU
		{5A9E80D0-6601-43C9-AF49-DD16A13F6E48}.Debug|Any CPU.ActiveCfg = Debug|Any CPU
		{5A9E80D0-6601-43C9-AF49-DD16A13F6E48}.Debug|Any CPU.Build.0 = Debug|Any CPU
		{5A9E80D0-6601-43C9-AF49-DD16A13F6E48}.Release|Any CPU.ActiveCfg = Release|Any CPU
		{5A9E80D0-6601-43C9-AF49-DD16A13F6E48}.Release|Any CPU.Build.0 = Release|Any CPU
		{1ABC1485-F8B8-41FA-8695-F3DABD1AD39C}.Debug|Any CPU.ActiveCfg = Debug|Any CPU
		{1ABC1485-F8B8-41FA-8695-F3DABD1AD39C}.Debug|Any CPU.Build.0 = Debug|Any CPU
		{1ABC1485-F8B8-41FA-8695-F3DABD1AD39C}.Release|Any CPU.ActiveCfg = Release|Any CPU
		{1ABC1485-F8B8-41FA-8695-F3DABD1AD39C}.Release|Any CPU.Build.0 = Release|Any CPU
		{76AB7D28-18F6-48ED-8DFF-0B78FBD261B4}.Debug|Any CPU.ActiveCfg = Debug|Any CPU
		{76AB7D28-18F6-48ED-8DFF-0B78FBD261B4}.Debug|Any CPU.Build.0 = Debug|Any CPU
		{76AB7D28-18F6-48ED-8DFF-0B78FBD261B4}.Release|Any CPU.ActiveCfg = Release|Any CPU
		{76AB7D28-18F6-48ED-8DFF-0B78FBD261B4}.Release|Any CPU.Build.0 = Release|Any CPU
		{840508D1-D5EB-497E-936E-969A00AE79AA}.Debug|Any CPU.ActiveCfg = Debug|Any CPU
		{840508D1-D5EB-497E-936E-969A00AE79AA}.Debug|Any CPU.Build.0 = Debug|Any CPU
		{840508D1-D5EB-497E-936E-969A00AE79AA}.Release|Any CPU.ActiveCfg = Release|Any CPU
		{840508D1-D5EB-497E-936E-969A00AE79AA}.Release|Any CPU.Build.0 = Release|Any CPU
		{39ECE08C-7360-4E82-BEED-112FC2555C43}.Debug|Any CPU.ActiveCfg = Debug|Any CPU
		{39ECE08C-7360-4E82-BEED-112FC2555C43}.Debug|Any CPU.Build.0 = Debug|Any CPU
		{39ECE08C-7360-4E82-BEED-112FC2555C43}.Release|Any CPU.ActiveCfg = Release|Any CPU
		{39ECE08C-7360-4E82-BEED-112FC2555C43}.Release|Any CPU.Build.0 = Release|Any CPU
		{48D7E10A-2578-415C-B391-B8F73EBA46A6}.Debug|Any CPU.ActiveCfg = Debug|Any CPU
		{48D7E10A-2578-415C-B391-B8F73EBA46A6}.Debug|Any CPU.Build.0 = Debug|Any CPU
		{48D7E10A-2578-415C-B391-B8F73EBA46A6}.Release|Any CPU.ActiveCfg = Release|Any CPU
		{48D7E10A-2578-415C-B391-B8F73EBA46A6}.Release|Any CPU.Build.0 = Release|Any CPU
		{32B0DF74-C25F-4871-897B-014A01A16883}.Debug|Any CPU.ActiveCfg = Debug|Any CPU
		{32B0DF74-C25F-4871-897B-014A01A16883}.Debug|Any CPU.Build.0 = Debug|Any CPU
		{32B0DF74-C25F-4871-897B-014A01A16883}.Release|Any CPU.ActiveCfg = Release|Any CPU
		{32B0DF74-C25F-4871-897B-014A01A16883}.Release|Any CPU.Build.0 = Release|Any CPU
		{68E46E4C-BA5F-4C81-B887-49C139D3B3CC}.Debug|Any CPU.ActiveCfg = Debug|Any CPU
		{68E46E4C-BA5F-4C81-B887-49C139D3B3CC}.Debug|Any CPU.Build.0 = Debug|Any CPU
		{68E46E4C-BA5F-4C81-B887-49C139D3B3CC}.Release|Any CPU.ActiveCfg = Release|Any CPU
		{68E46E4C-BA5F-4C81-B887-49C139D3B3CC}.Release|Any CPU.Build.0 = Release|Any CPU
		{58D41A3D-83C7-4310-B2AD-D9457CBB77EF}.Debug|Any CPU.ActiveCfg = Debug|Any CPU
		{58D41A3D-83C7-4310-B2AD-D9457CBB77EF}.Debug|Any CPU.Build.0 = Debug|Any CPU
		{58D41A3D-83C7-4310-B2AD-D9457CBB77EF}.Release|Any CPU.ActiveCfg = Release|Any CPU
		{58D41A3D-83C7-4310-B2AD-D9457CBB77EF}.Release|Any CPU.Build.0 = Release|Any CPU
		{CF3272B8-8E53-4B8D-9E80-BAACBF67DEC7}.Debug|Any CPU.ActiveCfg = Debug|Any CPU
		{CF3272B8-8E53-4B8D-9E80-BAACBF67DEC7}.Debug|Any CPU.Build.0 = Debug|Any CPU
		{CF3272B8-8E53-4B8D-9E80-BAACBF67DEC7}.Release|Any CPU.ActiveCfg = Release|Any CPU
		{CF3272B8-8E53-4B8D-9E80-BAACBF67DEC7}.Release|Any CPU.Build.0 = Release|Any CPU
		{52654DE0-4ED3-4198-82DB-DA5647A26ABA}.Debug|Any CPU.ActiveCfg = Debug|Any CPU
		{52654DE0-4ED3-4198-82DB-DA5647A26ABA}.Debug|Any CPU.Build.0 = Debug|Any CPU
		{52654DE0-4ED3-4198-82DB-DA5647A26ABA}.Release|Any CPU.ActiveCfg = Release|Any CPU
		{52654DE0-4ED3-4198-82DB-DA5647A26ABA}.Release|Any CPU.Build.0 = Release|Any CPU
	EndGlobalSection
	GlobalSection(SolutionProperties) = preSolution
		HideSolutionNode = FALSE
	EndGlobalSection
	GlobalSection(NestedProjects) = preSolution
		{7A71B2CA-CE79-4EDD-BFBF-A7FFF9B22826} = {613EC49B-F87F-46FA-BAC8-619B2477D10C}
		{3DE742F5-ECE7-4C7A-97EE-1CFE9BB3A707} = {613EC49B-F87F-46FA-BAC8-619B2477D10C}
		{A7746D93-3CD8-4F81-B253-8B08BB3E6AD9} = {7A71B2CA-CE79-4EDD-BFBF-A7FFF9B22826}
		{BB3F0D8B-81E9-4C9B-95D4-EC84770425B0} = {7A71B2CA-CE79-4EDD-BFBF-A7FFF9B22826}
		{27049666-7EB2-4189-8E06-0AD9DB8B4FE1} = {3DE742F5-ECE7-4C7A-97EE-1CFE9BB3A707}
		{EA0FF9EB-0672-4C57-9D6C-50F6E6019E31} = {3DE742F5-ECE7-4C7A-97EE-1CFE9BB3A707}
		{03772A36-D4EE-4D9E-AFFD-255312009CC3} = {983129A3-FEBA-48C2-AB51-0D7904B524E9}
		{863DC0C7-CE48-4624-97A0-5AE26921E17C} = {03772A36-D4EE-4D9E-AFFD-255312009CC3}
		{5A9E80D0-6601-43C9-AF49-DD16A13F6E48} = {03772A36-D4EE-4D9E-AFFD-255312009CC3}
		{1ABC1485-F8B8-41FA-8695-F3DABD1AD39C} = {983129A3-FEBA-48C2-AB51-0D7904B524E9}
		{76AB7D28-18F6-48ED-8DFF-0B78FBD261B4} = {983129A3-FEBA-48C2-AB51-0D7904B524E9}
		{840508D1-D5EB-497E-936E-969A00AE79AA} = {983129A3-FEBA-48C2-AB51-0D7904B524E9}
		{39ECE08C-7360-4E82-BEED-112FC2555C43} = {983129A3-FEBA-48C2-AB51-0D7904B524E9}
		{AE2B530E-B707-4F32-B706-2F0DBD37607B} = {67C2E475-BBB6-436B-BF93-5CBEEDB78FCB}
		{48D7E10A-2578-415C-B391-B8F73EBA46A6} = {AE2B530E-B707-4F32-B706-2F0DBD37607B}
		{32B0DF74-C25F-4871-897B-014A01A16883} = {67C2E475-BBB6-436B-BF93-5CBEEDB78FCB}
		{68E46E4C-BA5F-4C81-B887-49C139D3B3CC} = {67C2E475-BBB6-436B-BF93-5CBEEDB78FCB}
		{58D41A3D-83C7-4310-B2AD-D9457CBB77EF} = {67C2E475-BBB6-436B-BF93-5CBEEDB78FCB}
		{CF3272B8-8E53-4B8D-9E80-BAACBF67DEC7} = {E6CA3503-9288-4B31-9517-669FE8706B0E}
		{52654DE0-4ED3-4198-82DB-DA5647A26ABA} = {67C2E475-BBB6-436B-BF93-5CBEEDB78FCB}
	EndGlobalSection
	GlobalSection(ExtensibilityGlobals) = postSolution
		SolutionGuid = {7315FEE5-4181-4F3A-BE88-7F05C9593474}
	EndGlobalSection
EndGlobal
